
Microsoft Visual Studio Solution File, Format Version 12.00
# Visual Studio Version 17
VisualStudioVersion = 17.5.33627.172
MinimumVisualStudioVersion = 10.0.40219.1
Project("{FAE04EC0-301F-11D3-BF4B-00C04F79EFBC}") = "CoffeeShop", "CoffeeShop.csproj", "{37B04C01-4523-4D99-AC44-34AC14F45DB3}"
EndProject
Global
	GlobalSection(SolutionConfigurationPlatforms) = preSolution
		Debug|Any CPU = Debug|Any CPU
		Release|Any CPU = Release|Any CPU
	EndGlobalSection
	GlobalSection(ProjectConfigurationPlatforms) = postSolution
		{37B04C01-4523-4D99-AC44-34AC14F45DB3}.Debug|Any CPU.ActiveCfg = Debug|Any CPU
		{37B04C01-4523-4D99-AC44-34AC14F45DB3}.Debug|Any CPU.Build.0 = Debug|Any CPU
		{37B04C01-4523-4D99-AC44-34AC14F45DB3}.Release|Any CPU.ActiveCfg = Release|Any CPU
		{37B04C01-4523-4D99-AC44-34AC14F45DB3}.Release|Any CPU.Build.0 = Release|Any CPU
	EndGlobalSection
	GlobalSection(SolutionProperties) = preSolution
		HideSolutionNode = FALSE
	EndGlobalSection
	GlobalSection(ExtensibilityGlobals) = postSolution
		SolutionGuid = {15000090-5B56-4131-8449-F96C9ABE05A7}
	EndGlobalSection
EndGlobal
